// !$*UTF8*$!
{
	archiveVersion = 1;
	classes = {
	};
	objectVersion = 77;
	objects = {

/* Begin PBXContainerItemProxy section */
		DC78358F2F5724990071C1BA /* PBXContainerItemProxy */ = {
			isa = PBXContainerItemProxy;
			containerPortal = DC7835772F5724980071C1BA /* Project object */;
			proxyType = 1;
			remoteGlobalIDString = DC78357E2F5724980071C1BA;
			remoteInfo = "PWAI lab 2-3";
		};
		DC7835992F5724990071C1BA /* PBXContainerItemProxy */ = {
			isa = PBXContainerItemProxy;
			containerPortal = DC7835772F5724980071C1BA /* Project object */;
			proxyType = 1;
			remoteGlobalIDString = DC78357E2F5724980071C1BA;
			remoteInfo = "PWAI lab 2-3";
		};
/* End PBXContainerItemProxy section */

/* Begin PBXFileReference section */
		DC78357F2F5724980071C1BA /* PWAI lab 2-3.app */ = {isa = PBXFileReference; explicitFileType = wrapper.application; includeInIndex = 0; path = "PWAI lab 2-3.app"; sourceTree = BUILT_PRODUCTS_DIR; };
		DC78358E2F5724990071C1BA /* PWAI lab 2-3Tests.xctest */ = {isa = PBXFileReference; explicitFileType = wrapper.cfbundle; includeInIndex = 0; path = "PWAI lab 2-3Tests.xctest"; sourceTree = BUILT_PRODUCTS_DIR; };
		DC7835982F5724990071C1BA /* PWAI lab 2-3UITests.xctest */ = {isa = PBXFileReference; explicitFileType = wrapper.cfbundle; includeInIndex = 0; path = "PWAI lab 2-3UITests.xctest"; sourceTree = BUILT_PRODUCTS_DIR; };
/* End PBXFileReference section */

/* Begin PBXFileSystemSynchronizedRootGroup section */
		DC7835812F5724980071C1BA /* PWAI lab 2-3 */ = {
			isa = PBXFileSystemSynchronizedRootGroup;
			path = "PWAI lab 2-3";
			sourceTree = "<group>";
		};
		DC7835912F5724990071C1BA /* PWAI lab 2-3Tests */ = {
			isa = PBXFileSystemSynchronizedRootGroup;
			path = "PWAI lab 2-3Tests";
			sourceTree = "<group>";
		};
		DC78359B2F5724990071C1BA /* PWAI lab 2-3UITests */ = {
			isa = PBXFileSystemSynchronizedRootGroup;
			path = "PWAI lab 2-3UITests";
			sourceTree = "<group>";
		};
/* End PBXFileSystemSynchronizedRootGroup section */

/* Begin PBXFrameworksBuildPhase section */
		DC78357C2F5724980071C1BA /* Frameworks */ = {
			isa = PBXFrameworksBuildPhase;
			buildActionMask = 2147483647;
			files = (
			);
			runOnlyForDeploymentPostprocessing = 0;
		};
		DC78358B2F5724990071C1BA /* Frameworks */ = {
			isa = PBXFrameworksBuildPhase;
			buildActionMask = 2147483647;
			files = (
			);
			runOnlyForDeploymentPostprocessing = 0;
		};
		DC7835952F5724990071C1BA /* Frameworks */ = {
			isa = PBXFrameworksBuildPhase;
			buildActionMask = 2147483647;
			files = (
			);
			runOnlyForDeploymentPostprocessing = 0;
		};
/* End PBXFrameworksBuildPhase section */

/* Begin PBXGroup section */
		DC7835762F5724980071C1BA = {
			isa = PBXGroup;
			children = (
				DC7835812F5724980071C1BA /* PWAI lab 2-3 */,
				DC7835912F5724990071C1BA /* PWAI lab 2-3Tests */,
				DC78359B2F5724990071C1BA /* PWAI lab 2-3UITests */,
				DC7835802F5724980071C1BA /* Products */,
			);
			sourceTree = "<group>";
		};
		DC7835802F5724980071C1BA /* Products */ = {
			isa = PBXGroup;
			children = (
				DC78357F2F5724980071C1BA /* PWAI lab 2-3.app */,
				DC78358E2F5724990071C1BA /* PWAI lab 2-3Tests.xctest */,
				DC7835982F5724990071C1BA /* PWAI lab 2-3UITests.xctest */,
			);
			name = Products;
			sourceTree = "<group>";
		};
/* End PBXGroup section */

/* Begin PBXNativeTarget section */
		DC78357E2F5724980071C1BA /* PWAI lab 2-3 */ = {
			isa = PBXNativeTarget;
			buildConfigurationList = DC7835A22F5724990071C1BA /* Build configuration list for PBXNativeTarget "PWAI lab 2-3" */;
			buildPhases = (
				DC78357B2F5724980071C1BA /* Sources */,
				DC78357C2F5724980071C1BA /* Frameworks */,
				DC78357D2F5724980071C1BA /* Resources */,
			);
			buildRules = (
			);
			dependencies = (
			);
			fileSystemSynchronizedGroups = (
				DC7835812F5724980071C1BA /* PWAI lab 2-3 */,
			);
			name = "PWAI lab 2-3";
			packageProductDependencies = (
			);
			productName = "PWAI lab 2-3";
			productReference = DC78357F2F5724980071C1BA /* PWAI lab 2-3.app */;
			productType = "com.apple.product-type.application";
		};
		DC78358D2F5724990071C1BA /* PWAI lab 2-3Tests */ = {
			isa = PBXNativeTarget;
			buildConfigurationList = DC7835A52F5724990071C1BA /* Build configuration list for PBXNativeTarget "PWAI lab 2-3Tests" */;
			buildPhases = (
				DC78358A2F5724990071C1BA /* Sources */,
				DC78358B2F5724990071C1BA /* Frameworks */,
				DC78358C2F5724990071C1BA /* Resources */,
			);
			buildRules = (
			);
			dependencies = (
				DC7835902F5724990071C1BA /* PBXTargetDependency */,
			);
			fileSystemSynchronizedGroups = (
				DC7835912F5724990071C1BA /* PWAI lab 2-3Tests */,
			);
			name = "PWAI lab 2-3Tests";
			packageProductDependencies = (
			);
			productName = "PWAI lab 2-3Tests";
			productReference = DC78358E2F5724990071C1BA /* PWAI lab 2-3Tests.xctest */;
			productType = "com.apple.product-type.bundle.unit-test";
		};
		DC7835972F5724990071C1BA /* PWAI lab 2-3UITests */ = {
			isa = PBXNativeTarget;
			buildConfigurationList = DC7835A82F5724990071C1BA /* Build configuration list for PBXNativeTarget "PWAI lab 2-3UITests" */;
			buildPhases = (
				DC7835942F5724990071C1BA /* Sources */,
				DC7835952F5724990071C1BA /* Frameworks */,
				DC7835962F5724990071C1BA /* Resources */,
			);
			buildRules = (
			);
			dependencies = (
				DC78359A2F5724990071C1BA /* PBXTargetDependency */,
			);
			fileSystemSynchronizedGroups = (
				DC78359B2F5724990071C1BA /* PWAI lab 2-3UITests */,
			);
			name = "PWAI lab 2-3UITests";
			packageProductDependencies = (
			);
			productName = "PWAI lab 2-3UITests";
			productReference = DC7835982F5724990071C1BA /* PWAI lab 2-3UITests.xctest */;
			productType = "com.apple.product-type.bundle.ui-testing";
		};
/* End PBXNativeTarget section */

/* Begin PBXProject section */
		DC7835772F5724980071C1BA /* Project object */ = {
			isa = PBXProject;
			attributes = {
				BuildIndependentTargetsInParallel = 1;
				LastSwiftUpdateCheck = 2630;
				LastUpgradeCheck = 2630;
				TargetAttributes = {
					DC78357E2F5724980071C1BA = {
						CreatedOnToolsVersion = 26.3;
					};
					DC78358D2F5724990071C1BA = {
						CreatedOnToolsVersion = 26.3;
						TestTargetID = DC78357E2F5724980071C1BA;
					};
					DC7835972F5724990071C1BA = {
						CreatedOnToolsVersion = 26.3;
						TestTargetID = DC78357E2F5724980071C1BA;
					};
				};
			};
			buildConfigurationList = DC78357A2F5724980071C1BA /* Build configuration list for PBXProject "PWAI lab 2-3" */;
			developmentRegion = en;
			hasScannedForEncodings = 0;
			knownRegions = (
				en,
				Base,
			);
			mainGroup = DC7835762F5724980071C1BA;
			minimizedProjectReferenceProxies = 1;
			preferredProjectObjectVersion = 77;
			productRefGroup = DC7835802F5724980071C1BA /* Products */;
			projectDirPath = "";
			projectRoot = "";
			targets = (
				DC78357E2F5724980071C1BA /* PWAI lab 2-3 */,
				DC78358D2F5724990071C1BA /* PWAI lab 2-3Tests */,
				DC7835972F5724990071C1BA /* PWAI lab 2-3UITests */,
			);
		};
/* End PBXProject section */

/* Begin PBXResourcesBuildPhase section */
		DC78357D2F5724980071C1BA /* Resources */ = {
			isa = PBXResourcesBuildPhase;
			buildActionMask = 2147483647;
			files = (
			);
			runOnlyForDeploymentPostprocessing = 0;
		};
		DC78358C2F5724990071C1BA /* Resources */ = {
			isa = PBXResourcesBuildPhase;
			buildActionMask = 2147483647;
			files = (
			);
			runOnlyForDeploymentPostprocessing = 0;
		};
		DC7835962F5724990071C1BA /* Resources */ = {
			isa = PBXResourcesBuildPhase;
			buildActionMask = 2147483647;
			files = (
			);
			runOnlyForDeploymentPostprocessing = 0;
		};
/* End PBXResourcesBuildPhase section */

/* Begin PBXSourcesBuildPhase section */
		DC78357B2F5724980071C1BA /* Sources */ = {
			isa = PBXSourcesBuildPhase;
			buildActionMask = 2147483647;
			files = (
			);
			runOnlyForDeploymentPostprocessing = 0;
		};
		DC78358A2F5724990071C1BA /* Sources */ = {
			isa = PBXSourcesBuildPhase;
			buildActionMask = 2147483647;
			files = (
			);
			runOnlyForDeploymentPostprocessing = 0;
		};
		DC7835942F5724990071C1BA /* Sources */ = {
			isa = PBXSourcesBuildPhase;
			buildActionMask = 2147483647;
			files = (
			);
			runOnlyForDeploymentPostprocessing = 0;
		};
/* End PBXSourcesBuildPhase section */

/* Begin PBXTargetDependency section */
		DC7835902F5724990071C1BA /* PBXTargetDependency */ = {
			isa = PBXTargetDependency;
			target = DC78357E2F5724980071C1BA /* PWAI lab 2-3 */;
			targetProxy = DC78358F2F5724990071C1BA /* PBXContainerItemProxy */;
		};
		DC78359A2F5724990071C1BA /* PBXTargetDependency */ = {
			isa = PBXTargetDependency;
			target = DC78357E2F5724980071C1BA /* PWAI lab 2-3 */;
			targetProxy = DC7835992F5724990071C1BA /* PBXContainerItemProxy */;
		};
/* End PBXTargetDependency section */

/* Begin XCBuildConfiguration section */
		DC7835A02F5724990071C1BA /* Debug */ = {
			isa = XCBuildConfiguration;
			buildSettings = {
				ALWAYS_SEARCH_USER_PATHS = NO;
				ASSETCATALOG_COMPILER_GENERATE_SWIFT_ASSET_SYMBOL_EXTENSIONS = YES;
				CLANG_ANALYZER_NONNULL = YES;
				CLANG_ANALYZER_NUMBER_OBJECT_CONVERSION = YES_AGGRESSIVE;
				CLANG_CXX_LANGUAGE_STANDARD = "gnu++20";
				CLANG_ENABLE_MODULES = YES;
				CLANG_ENABLE_OBJC_ARC = YES;
				CLANG_ENABLE_OBJC_WEAK = YES;
				CLANG_WARN_BLOCK_CAPTURE_AUTORELEASING = YES;
				CLANG_WARN_BOOL_CONVERSION = YES;
				CLANG_WARN_COMMA = YES;
				CLANG_WARN_CONSTANT_CONVERSION = YES;
				CLANG_WARN_DEPRECATED_OBJC_IMPLEMENTATIONS = YES;
				CLANG_WARN_DIRECT_OBJC_ISA_USAGE = YES_ERROR;
				CLANG_WARN_DOCUMENTATION_COMMENTS = YES;
				CLANG_WARN_EMPTY_BODY = YES;
				CLANG_WARN_ENUM_CONVERSION = YES;
				CLANG_WARN_INFINITE_RECURSION = YES;
				CLANG_WARN_INT_CONVERSION = YES;
				CLANG_WARN_NON_LITERAL_NULL_CONVERSION = YES;
				CLANG_WARN_OBJC_IMPLICIT_RETAIN_SELF = YES;
				CLANG_WARN_OBJC_LITERAL_CONVERSION = YES;
				CLANG_WARN_OBJC_ROOT_CLASS = YES_ERROR;
				CLANG_WARN_QUOTED_INCLUDE_IN_FRAMEWORK_HEADER = YES;
				CLANG_WARN_RANGE_LOOP_ANALYSIS = YES;
				CLANG_WARN_STRICT_PROTOTYPES = YES;
				CLANG_WARN_SUSPICIOUS_MOVE = YES;
				CLANG_WARN_UNGUARDED_AVAILABILITY = YES_AGGRESSIVE;
				CLANG_WARN_UNREACHABLE_CODE = YES;
				CLANG_WARN__DUPLICATE_METHOD_MATCH = YES;
				COPY_PHASE_STRIP = NO;
				DEBUG_INFORMATION_FORMAT = dwarf;
				DEVELOPMENT_TEAM = XX8J76Z9BV;
				ENABLE_STRICT_OBJC_MSGSEND = YES;
				ENABLE_TESTABILITY = YES;
				ENABLE_USER_SCRIPT_SANDBOXING = YES;
				GCC_C_LANGUAGE_STANDARD = gnu17;
				GCC_DYNAMIC_NO_PIC = NO;
				GCC_NO_COMMON_BLOCKS = YES;
				GCC_OPTIMIZATION_LEVEL = 0;
				GCC_PREPROCESSOR_DEFINITIONS = (
					"DEBUG=1",
					"$(inherited)",
				);
				GCC_WARN_64_TO_32_BIT_CONVERSION = YES;
				GCC_WARN_ABOUT_RETURN_TYPE = YES_ERROR;
				GCC_WARN_UNDECLARED_SELECTOR = YES;
				GCC_WARN_UNINITIALIZED_AUTOS = YES_AGGRESSIVE;
				GCC_WARN_UNUSED_FUNCTION = YES;
				GCC_WARN_UNUSED_VARIABLE = YES;
				LOCALIZATION_PREFERS_STRING_CATALOGS = YES;
				MACOSX_DEPLOYMENT_TARGET = 26.2;
				MTL_ENABLE_DEBUG_INFO = INCLUDE_SOURCE;
				MTL_FAST_MATH = YES;
				ONLY_ACTIVE_ARCH = YES;
				SDKROOT = macosx;
				SWIFT_ACTIVE_COMPILATION_CONDITIONS = "DEBUG $(inherited)";
				SWIFT_OPTIMIZATION_LEVEL = "-Onone";
			};
			name = Debug;
		};
		DC7835A12F5724990071C1BA /* Release */ = {
			isa = XCBuildConfiguration;
			buildSettings = {
				ALWAYS_SEARCH_USER_PATHS = NO;
				ASSETCATALOG_COMPILER_GENERATE_SWIFT_ASSET_SYMBOL_EXTENSIONS = YES;
				CLANG_ANALYZER_NONNULL = YES;
				CLANG_ANALYZER_NUMBER_OBJECT_CONVERSION = YES_AGGRESSIVE;
				CLANG_CXX_LANGUAGE_STANDARD = "gnu++20";
				CLANG_ENABLE_MODULES = YES;
				CLANG_ENABLE_OBJC_ARC = YES;
				CLANG_ENABLE_OBJC_WEAK = YES;
				CLANG_WARN_BLOCK_CAPTURE_AUTORELEASING = YES;
				CLANG_WARN_BOOL_CONVERSION = YES;
				CLANG_WARN_COMMA = YES;
				CLANG_WARN_CONSTANT_CONVERSION = YES;
				CLANG_WARN_DEPRECATED_OBJC_IMPLEMENTATIONS = YES;
				CLANG_WARN_DIRECT_OBJC_ISA_USAGE = YES_ERROR;
				CLANG_WARN_DOCUMENTATION_COMMENTS = YES;
				CLANG_WARN_EMPTY_BODY = YES;
				CLANG_WARN_ENUM_CONVERSION = YES;
				CLANG_WARN_INFINITE_RECURSION = YES;
				CLANG_WARN_INT_CONVERSION = YES;
				CLANG_WARN_NON_LITERAL_NULL_CONVERSION = YES;
				CLANG_WARN_OBJC_IMPLICIT_RETAIN_SELF = YES;
				CLANG_WARN_OBJC_LITERAL_CONVERSION = YES;
				CLANG_WARN_OBJC_ROOT_CLASS = YES_ERROR;
				CLANG_WARN_QUOTED_INCLUDE_IN_FRAMEWORK_HEADER = YES;
				CLANG_WARN_RANGE_LOOP_ANALYSIS = YES;
				CLANG_WARN_STRICT_PROTOTYPES = YES;
				CLANG_WARN_SUSPICIOUS_MOVE = YES;
				CLANG_WARN_UNGUARDED_AVAILABILITY = YES_AGGRESSIVE;
				CLANG_WARN_UNREACHABLE_CODE = YES;
				CLANG_WARN__DUPLICATE_METHOD_MATCH = YES;
				COPY_PHASE_STRIP = NO;
				DEBUG_INFORMATION_FORMAT = "dwarf-with-dsym";
				DEVELOPMENT_TEAM = XX8J76Z9BV;
				ENABLE_NS_ASSERTIONS = NO;
				ENABLE_STRICT_OBJC_MSGSEND = YES;
				ENABLE_USER_SCRIPT_SANDBOXING = YES;
				GCC_C_LANGUAGE_STANDARD = gnu17;
				GCC_NO_COMMON_BLOCKS = YES;
				GCC_WARN_64_TO_32_BIT_CONVERSION = YES;
				GCC_WARN_ABOUT_RETURN_TYPE = YES_ERROR;
				GCC_WARN_UNDECLARED_SELECTOR = YES;
				GCC_WARN_UNINITIALIZED_AUTOS = YES_AGGRESSIVE;
				GCC_WARN_UNUSED_FUNCTION = YES;
				GCC_WARN_UNUSED_VARIABLE = YES;
				LOCALIZATION_PREFERS_STRING_CATALOGS = YES;
				MACOSX_DEPLOYMENT_TARGET = 26.2;
				MTL_ENABLE_DEBUG_INFO = NO;
				MTL_FAST_MATH = YES;
				SDKROOT = macosx;
				SWIFT_COMPILATION_MODE = wholemodule;
			};
			name = Release;
		};
		DC7835A32F5724990071C1BA /* Debug */ = {
			isa = XCBuildConfiguration;
			buildSettings = {
				ASSETCATALOG_COMPILER_APPICON_NAME = AppIcon;
				ASSETCATALOG_COMPILER_GLOBAL_ACCENT_COLOR_NAME = AccentColor;
				CODE_SIGN_STYLE = Automatic;
				COMBINE_HIDPI_IMAGES = YES;
				CURRENT_PROJECT_VERSION = 1;
				DEVELOPMENT_TEAM = XX8J76Z9BV;
				ENABLE_APP_SANDBOX = YES;
				ENABLE_HARDENED_RUNTIME = YES;
				ENABLE_PREVIEWS = YES;
				ENABLE_USER_SELECTED_FILES = readonly;
				GENERATE_INFOPLIST_FILE = YES;
				INFOPLIST_KEY_NSHumanReadableCopyright = "";
				LD_RUNPATH_SEARCH_PATHS = (
					"$(inherited)",
					"@executable_path/../Frameworks",
				);
				MARKETING_VERSION = 1.0;
				PRODUCT_BUNDLE_IDENTIFIER = "com.fhodun.PWAI-lab-2-3";
				PRODUCT_NAME = "$(TARGET_NAME)";
				REGISTER_APP_GROUPS = YES;
				STRING_CATALOG_GENERATE_SYMBOLS = YES;
				SWIFT_APPROACHABLE_CONCURRENCY = YES;
				SWIFT_DEFAULT_ACTOR_ISOLATION = MainActor;
				SWIFT_EMIT_LOC_STRINGS = YES;
				SWIFT_UPCOMING_FEATURE_MEMBER_IMPORT_VISIBILITY = YES;
				SWIFT_VERSION = 5.0;
			};
			name = Debug;
		};
		DC7835A42F5724990071C1BA /* Release */ = {
			isa = XCBuildConfiguration;
			buildSettings = {
				ASSETCATALOG_COMPILER_APPICON_NAME = AppIcon;
				ASSETCATALOG_COMPILER_GLOBAL_ACCENT_COLOR_NAME = AccentColor;
				CODE_SIGN_STYLE = Automatic;
				COMBINE_HIDPI_IMAGES = YES;
				CURRENT_PROJECT_VERSION = 1;
				DEVELOPMENT_TEAM = XX8J76Z9BV;
				ENABLE_APP_SANDBOX = YES;
				ENABLE_HARDENED_RUNTIME = YES;
				ENABLE_PREVIEWS = YES;
				ENABLE_USER_SELECTED_FILES = readonly;
				GENERATE_INFOPLIST_FILE = YES;
				INFOPLIST_KEY_NSHumanReadableCopyright = "";
				LD_RUNPATH_SEARCH_PATHS = (
					"$(inherited)",
					"@executable_path/../Frameworks",
				);
				MARKETING_VERSION = 1.0;
				PRODUCT_BUNDLE_IDENTIFIER = "com.fhodun.PWAI-lab-2-3";
				PRODUCT_NAME = "$(TARGET_NAME)";
				REGISTER_APP_GROUPS = YES;
				STRING_CATALOG_GENERATE_SYMBOLS = YES;
				SWIFT_APPROACHABLE_CONCURRENCY = YES;
				SWIFT_DEFAULT_ACTOR_ISOLATION = MainActor;
				SWIFT_EMIT_LOC_STRINGS = YES;
				SWIFT_UPCOMING_FEATURE_MEMBER_IMPORT_VISIBILITY = YES;
				SWIFT_VERSION = 5.0;
			};
			name = Release;
		};
		DC7835A62F5724990071C1BA /* Debug */ = {
			isa = XCBuildConfiguration;
			buildSettings = {
				BUNDLE_LOADER = "$(TEST_HOST)";
				CODE_SIGN_STYLE = Automatic;
				CURRENT_PROJECT_VERSION = 1;
				DEVELOPMENT_TEAM = XX8J76Z9BV;
				GENERATE_INFOPLIST_FILE = YES;
				MACOSX_DEPLOYMENT_TARGET = 26.2;
				MARKETING_VERSION = 1.0;
				PRODUCT_BUNDLE_IDENTIFIER = "com.fhodun.PWAI-lab-2-3Tests";
				PRODUCT_NAME = "$(TARGET_NAME)";
				STRING_CATALOG_GENERATE_SYMBOLS = NO;
				SWIFT_APPROACHABLE_CONCURRENCY = YES;
				SWIFT_EMIT_LOC_STRINGS = NO;
				SWIFT_UPCOMING_FEATURE_MEMBER_IMPORT_VISIBILITY = YES;
				SWIFT_VERSION = 5.0;
				TEST_HOST = "$(BUILT_PRODUCTS_DIR)/PWAI lab 2-3.app/$(BUNDLE_EXECUTABLE_FOLDER_PATH)/PWAI lab 2-3";
			};
			name = Debug;
		};
		DC7835A72F5724990071C1BA /* Release */ = {
			isa = XCBuildConfiguration;
			buildSettings = {
				BUNDLE_LOADER = "$(TEST_HOST)";
				CODE_SIGN_STYLE = Automatic;
				CURRENT_PROJECT_VERSION = 1;
				DEVELOPMENT_TEAM = XX8J76Z9BV;
				GENERATE_INFOPLIST_FILE = YES;
				MACOSX_DEPLOYMENT_TARGET = 26.2;
				MARKETING_VERSION = 1.0;
				PRODUCT_BUNDLE_IDENTIFIER = "com.fhodun.PWAI-lab-2-3Tests";
				PRODUCT_NAME = "$(TARGET_NAME)";
				STRING_CATALOG_GENERATE_SYMBOLS = NO;
				SWIFT_APPROACHABLE_CONCURRENCY = YES;
				SWIFT_EMIT_LOC_STRINGS = NO;
				SWIFT_UPCOMING_FEATURE_MEMBER_IMPORT_VISIBILITY = YES;
				SWIFT_VERSION = 5.0;
				TEST_HOST = "$(BUILT_PRODUCTS_DIR)/PWAI lab 2-3.app/$(BUNDLE_EXECUTABLE_FOLDER_PATH)/PWAI lab 2-3";
			};
			name = Release;
		};
		DC7835A92F5724990071C1BA /* Debug */ = {
			isa = XCBuildConfiguration;
			buildSettings = {
				CODE_SIGN_STYLE = Automatic;
				CURRENT_PROJECT_VERSION = 1;
				DEVELOPMENT_TEAM = XX8J76Z9BV;
				GENERATE_INFOPLIST_FILE = YES;
				MARKETING_VERSION = 1.0;
				PRODUCT_BUNDLE_IDENTIFIER = "com.fhodun.PWAI-lab-2-3UITests";
				PRODUCT_NAME = "$(TARGET_NAME)";
				STRING_CATALOG_GENERATE_SYMBOLS = NO;
				SWIFT_APPROACHABLE_CONCURRENCY = YES;
				SWIFT_EMIT_LOC_STRINGS = NO;
				SWIFT_UPCOMING_FEATURE_MEMBER_IMPORT_VISIBILITY = YES;
				SWIFT_VERSION = 5.0;
				TEST_TARGET_NAME = "PWAI lab 2-3";
			};
			name = Debug;
		};
		DC7835AA2F5724990071C1BA /* Release */ = {
			isa = XCBuildConfiguration;
			buildSettings = {
				CODE_SIGN_STYLE = Automatic;
				CURRENT_PROJECT_VERSION = 1;
				DEVELOPMENT_TEAM = XX8J76Z9BV;
				GENERATE_INFOPLIST_FILE = YES;
				MARKETING_VERSION = 1.0;
				PRODUCT_BUNDLE_IDENTIFIER = "com.fhodun.PWAI-lab-2-3UITests";
				PRODUCT_NAME = "$(TARGET_NAME)";
				STRING_CATALOG_GENERATE_SYMBOLS = NO;
				SWIFT_APPROACHABLE_CONCURRENCY = YES;
				SWIFT_EMIT_LOC_STRINGS = NO;
				SWIFT_UPCOMING_FEATURE_MEMBER_IMPORT_VISIBILITY = YES;
				SWIFT_VERSION = 5.0;
				TEST_TARGET_NAME = "PWAI lab 2-3";
			};
			name = Release;
		};
/* End XCBuildConfiguration section */

/* Begin XCConfigurationList section */
		DC78357A2F5724980071C1BA /* Build configuration list for PBXProject "PWAI lab 2-3" */ = {
			isa = XCConfigurationList;
			buildConfigurations = (
				DC7835A02F5724990071C1BA /* Debug */,
				DC7835A12F5724990071C1BA /* Release */,
			);
			defaultConfigurationIsVisible = 0;
			defaultConfigurationName = Release;
		};
		DC7835A22F5724990071C1BA /* Build configuration list for PBXNativeTarget "PWAI lab 2-3" */ = {
			isa = XCConfigurationList;
			buildConfigurations = (
				DC7835A32F5724990071C1BA /* Debug */,
				DC7835A42F5724990071C1BA /* Release */,
			);
			defaultConfigurationIsVisible = 0;
			defaultConfigurationName = Release;
		};
		DC7835A52F5724990071C1BA /* Build configuration list for PBXNativeTarget "PWAI lab 2-3Tests" */ = {
			isa = XCConfigurationList;
			buildConfigurations = (
				DC7835A62F5724990071C1BA /* Debug */,
				DC7835A72F5724990071C1BA /* Release */,
			);
			defaultConfigurationIsVisible = 0;
			defaultConfigurationName = Release;
		};
		DC7835A82F5724990071C1BA /* Build configuration list for PBXNativeTarget "PWAI lab 2-3UITests" */ = {
			isa = XCConfigurationList;
			buildConfigurations = (
				DC7835A92F5724990071C1BA /* Debug */,
				DC7835AA2F5724990071C1BA /* Release */,
			);
			defaultConfigurationIsVisible = 0;
			defaultConfigurationName = Release;
		};
/* End XCConfigurationList section */
	};
	rootObject = DC7835772F5724980071C1BA /* Project object */;
}
